
Microsoft Visual Studio Solution File, Format Version 12.00
# Visual Studio 15
VisualStudioVersion = 15.0.28307.779
MinimumVisualStudioVersion = 10.0.40219.1
Project("{FAE04EC0-301F-11D3-BF4B-00C04F79EFBC}") = "Console_Laba_2B", "Console_Laba_2B.csproj", "{8468140B-6471-4877-95A1-4C98F42578B9}"
EndProject
Global
	GlobalSection(SolutionConfigurationPlatforms) = preSolution
		Debug|Any CPU = Debug|Any CPU
		Release|Any CPU = Release|Any CPU
	EndGlobalSection
	GlobalSection(ProjectConfigurationPlatforms) = postSolution
		{8468140B-6471-4877-95A1-4C98F42578B9}.Debug|Any CPU.ActiveCfg = Debug|Any CPU
		{8468140B-6471-4877-95A1-4C98F42578B9}.Debug|Any CPU.Build.0 = Debug|Any CPU
		{8468140B-6471-4877-95A1-4C98F42578B9}.Release|Any CPU.ActiveCfg = Release|Any CPU
		{8468140B-6471-4877-95A1-4C98F42578B9}.Release|Any CPU.Build.0 = Release|Any CPU
	EndGlobalSection
	GlobalSection(SolutionProperties) = preSolution
		HideSolutionNode = FALSE
	EndGlobalSection
	GlobalSection(ExtensibilityGlobals) = postSolution
		SolutionGuid = {3E0BB5AC-9695-48F2-A072-F524BDF7D78F}
	EndGlobalSection
EndGlobal
