
Microsoft Visual Studio Solution File, Format Version 12.00
# Visual Studio 15
VisualStudioVersion = 15.0.28307.779
MinimumVisualStudioVersion = 10.0.40219.1
Project("{FAE04EC0-301F-11D3-BF4B-00C04F79EFBC}") = "Laba_3B", "Laba_3B.csproj", "{536BAEC0-0E48-42EF-9392-4ABAD98BC8E7}"
EndProject
Global
	GlobalSection(SolutionConfigurationPlatforms) = preSolution
		Debug|Any CPU = Debug|Any CPU
		Release|Any CPU = Release|Any CPU
	EndGlobalSection
	GlobalSection(ProjectConfigurationPlatforms) = postSolution
		{536BAEC0-0E48-42EF-9392-4ABAD98BC8E7}.Debug|Any CPU.ActiveCfg = Debug|Any CPU
		{536BAEC0-0E48-42EF-9392-4ABAD98BC8E7}.Debug|Any CPU.Build.0 = Debug|Any CPU
		{536BAEC0-0E48-42EF-9392-4ABAD98BC8E7}.Release|Any CPU.ActiveCfg = Release|Any CPU
		{536BAEC0-0E48-42EF-9392-4ABAD98BC8E7}.Release|Any CPU.Build.0 = Release|Any CPU
	EndGlobalSection
	GlobalSection(SolutionProperties) = preSolution
		HideSolutionNode = FALSE
	EndGlobalSection
	GlobalSection(ExtensibilityGlobals) = postSolution
		SolutionGuid = {66E1CADA-3409-486B-B8B4-F6EB11B03786}
	EndGlobalSection
EndGlobal
