
Microsoft Visual Studio Solution File, Format Version 12.00
# Visual Studio 15
VisualStudioVersion = 15.0.28307.779
MinimumVisualStudioVersion = 10.0.40219.1
Project("{FAE04EC0-301F-11D3-BF4B-00C04F79EFBC}") = "Laba_6A", "Laba_6A.csproj", "{BAFF6DBE-C07A-487C-8C4F-233CDF7EF0DE}"
EndProject
Global
	GlobalSection(SolutionConfigurationPlatforms) = preSolution
		Debug|Any CPU = Debug|Any CPU
		Release|Any CPU = Release|Any CPU
	EndGlobalSection
	GlobalSection(ProjectConfigurationPlatforms) = postSolution
		{BAFF6DBE-C07A-487C-8C4F-233CDF7EF0DE}.Debug|Any CPU.ActiveCfg = Debug|Any CPU
		{BAFF6DBE-C07A-487C-8C4F-233CDF7EF0DE}.Debug|Any CPU.Build.0 = Debug|Any CPU
		{BAFF6DBE-C07A-487C-8C4F-233CDF7EF0DE}.Release|Any CPU.ActiveCfg = Release|Any CPU
		{BAFF6DBE-C07A-487C-8C4F-233CDF7EF0DE}.Release|Any CPU.Build.0 = Release|Any CPU
	EndGlobalSection
	GlobalSection(SolutionProperties) = preSolution
		HideSolutionNode = FALSE
	EndGlobalSection
	GlobalSection(ExtensibilityGlobals) = postSolution
		SolutionGuid = {859B6B9B-1CEB-4896-84D1-37711F4513D6}
	EndGlobalSection
EndGlobal
