
Microsoft Visual Studio Solution File, Format Version 12.00
# Visual Studio 15
VisualStudioVersion = 15.0.28307.779
MinimumVisualStudioVersion = 10.0.40219.1
Project("{FAE04EC0-301F-11D3-BF4B-00C04F79EFBC}") = "Laba_3D", "Laba_3D.csproj", "{AF569662-6B11-4330-9814-59B1C51D318C}"
EndProject
Global
	GlobalSection(SolutionConfigurationPlatforms) = preSolution
		Debug|Any CPU = Debug|Any CPU
		Release|Any CPU = Release|Any CPU
	EndGlobalSection
	GlobalSection(ProjectConfigurationPlatforms) = postSolution
		{AF569662-6B11-4330-9814-59B1C51D318C}.Debug|Any CPU.ActiveCfg = Debug|Any CPU
		{AF569662-6B11-4330-9814-59B1C51D318C}.Debug|Any CPU.Build.0 = Debug|Any CPU
		{AF569662-6B11-4330-9814-59B1C51D318C}.Release|Any CPU.ActiveCfg = Release|Any CPU
		{AF569662-6B11-4330-9814-59B1C51D318C}.Release|Any CPU.Build.0 = Release|Any CPU
	EndGlobalSection
	GlobalSection(SolutionProperties) = preSolution
		HideSolutionNode = FALSE
	EndGlobalSection
	GlobalSection(ExtensibilityGlobals) = postSolution
		SolutionGuid = {1F87C7DC-70A2-4D0C-B7CB-BCC0660D2756}
	EndGlobalSection
EndGlobal
