
Microsoft Visual Studio Solution File, Format Version 12.00
# Visual Studio 15
VisualStudioVersion = 15.0.28307.779
MinimumVisualStudioVersion = 10.0.40219.1
Project("{FAE04EC0-301F-11D3-BF4B-00C04F79EFBC}") = "Laba_5B", "Laba_5B.csproj", "{4DB5EC4C-E8B3-4099-87B6-6786DA73F052}"
EndProject
Global
	GlobalSection(SolutionConfigurationPlatforms) = preSolution
		Debug|Any CPU = Debug|Any CPU
		Release|Any CPU = Release|Any CPU
	EndGlobalSection
	GlobalSection(ProjectConfigurationPlatforms) = postSolution
		{4DB5EC4C-E8B3-4099-87B6-6786DA73F052}.Debug|Any CPU.ActiveCfg = Debug|Any CPU
		{4DB5EC4C-E8B3-4099-87B6-6786DA73F052}.Debug|Any CPU.Build.0 = Debug|Any CPU
		{4DB5EC4C-E8B3-4099-87B6-6786DA73F052}.Release|Any CPU.ActiveCfg = Release|Any CPU
		{4DB5EC4C-E8B3-4099-87B6-6786DA73F052}.Release|Any CPU.Build.0 = Release|Any CPU
	EndGlobalSection
	GlobalSection(SolutionProperties) = preSolution
		HideSolutionNode = FALSE
	EndGlobalSection
	GlobalSection(ExtensibilityGlobals) = postSolution
		SolutionGuid = {2AEACB1A-0481-4BCB-B4A0-992971B18E1A}
	EndGlobalSection
EndGlobal
