
Microsoft Visual Studio Solution File, Format Version 12.00
# Visual Studio 15
VisualStudioVersion = 15.0.28307.779
MinimumVisualStudioVersion = 10.0.40219.1
Project("{FAE04EC0-301F-11D3-BF4B-00C04F79EFBC}") = "Laba_7", "Laba_7.csproj", "{BC1EA29E-A532-4950-93A7-20C06FE71FC0}"
EndProject
Global
	GlobalSection(SolutionConfigurationPlatforms) = preSolution
		Debug|Any CPU = Debug|Any CPU
		Release|Any CPU = Release|Any CPU
	EndGlobalSection
	GlobalSection(ProjectConfigurationPlatforms) = postSolution
		{BC1EA29E-A532-4950-93A7-20C06FE71FC0}.Debug|Any CPU.ActiveCfg = Debug|Any CPU
		{BC1EA29E-A532-4950-93A7-20C06FE71FC0}.Debug|Any CPU.Build.0 = Debug|Any CPU
		{BC1EA29E-A532-4950-93A7-20C06FE71FC0}.Release|Any CPU.ActiveCfg = Release|Any CPU
		{BC1EA29E-A532-4950-93A7-20C06FE71FC0}.Release|Any CPU.Build.0 = Release|Any CPU
	EndGlobalSection
	GlobalSection(SolutionProperties) = preSolution
		HideSolutionNode = FALSE
	EndGlobalSection
	GlobalSection(ExtensibilityGlobals) = postSolution
		SolutionGuid = {4FD259A3-BAF5-4FE7-A4DE-0A938AD0AE81}
	EndGlobalSection
EndGlobal
